// !$*UTF8*$!
{
	archiveVersion = 1;
	classes = {
	};
	objectVersion = 46;
	objects = {

/* Begin PBXBuildFile section */
		63A052F11AB9E19100483CB5 /* NSString_IndefiniteArticleTests.m in Sources */ = {isa = PBXBuildFile; fileRef = 63A052F01AB9E19100483CB5 /* NSString_IndefiniteArticleTests.m */; };
		63A052F91ABA09CD00483CB5 /* NSString+IndefiniteArticle.m in Sources */ = {isa = PBXBuildFile; fileRef = 63A052F81ABA09CD00483CB5 /* NSString+IndefiniteArticle.m */; };
/* End PBXBuildFile section */

/* Begin PBXFileReference section */
		63A052EB1AB9E19100483CB5 /* NSString+IndefiniteArticleTests.xctest */ = {isa = PBXFileReference; explicitFileType = wrapper.cfbundle; includeInIndex = 0; name = "NSString+IndefiniteArticleTests.xctest"; path = Tests.xctest; sourceTree = BUILT_PRODUCTS_DIR; };
		63A052EF1AB9E19100483CB5 /* Info.plist */ = {isa = PBXFileReference; lastKnownFileType = text.plist.xml; path = Info.plist; sourceTree = "<group>"; };
		63A052F01AB9E19100483CB5 /* NSString_IndefiniteArticleTests.m */ = {isa = PBXFileReference; lastKnownFileType = sourcecode.c.objc; path = NSString_IndefiniteArticleTests.m; sourceTree = "<group>"; };
		63A052F71ABA09CD00483CB5 /* NSString+IndefiniteArticle.h */ = {isa = PBXFileReference; fileEncoding = 4; lastKnownFileType = sourcecode.c.h; name = "NSString+IndefiniteArticle.h"; path = "Classes/NSString+IndefiniteArticle.h"; sourceTree = "<group>"; };
		63A052F81ABA09CD00483CB5 /* NSString+IndefiniteArticle.m */ = {isa = PBXFileReference; fileEncoding = 4; lastKnownFileType = sourcecode.c.objc; name = "NSString+IndefiniteArticle.m"; path = "Classes/NSString+IndefiniteArticle.m"; sourceTree = "<group>"; };
/* End PBXFileReference section */

/* Begin PBXFrameworksBuildPhase section */
		63A052E81AB9E19100483CB5 /* Frameworks */ = {
			isa = PBXFrameworksBuildPhase;
			buildActionMask = 2147483647;
			files = (
			);
			runOnlyForDeploymentPostprocessing = 0;
		};
/* End PBXFrameworksBuildPhase section */

/* Begin PBXGroup section */
		63A052DE1AB9E12100483CB5 = {
			isa = PBXGroup;
			children = (
				63A052F71ABA09CD00483CB5 /* NSString+IndefiniteArticle.h */,
				63A052F81ABA09CD00483CB5 /* NSString+IndefiniteArticle.m */,
				63A052ED1AB9E19100483CB5 /* Tests */,
				63A052EC1AB9E19100483CB5 /* Products */,
			);
			sourceTree = "<group>";
		};
		63A052EC1AB9E19100483CB5 /* Products */ = {
			isa = PBXGroup;
			children = (
				63A052EB1AB9E19100483CB5 /* NSString+IndefiniteArticleTests.xctest */,
			);
			name = Products;
			sourceTree = "<group>";
		};
		63A052ED1AB9E19100483CB5 /* Tests */ = {
			isa = PBXGroup;
			children = (
				63A052F01AB9E19100483CB5 /* NSString_IndefiniteArticleTests.m */,
				63A052EE1AB9E19100483CB5 /* Supporting Files */,
			);
			path = Tests;
			sourceTree = "<group>";
		};
		63A052EE1AB9E19100483CB5 /* Supporting Files */ = {
			isa = PBXGroup;
			children = (
				63A052EF1AB9E19100483CB5 /* Info.plist */,
			);
			name = "Supporting Files";
			sourceTree = "<group>";
		};
/* End PBXGroup section */

/* Begin PBXNativeTarget section */
		63A052EA1AB9E19100483CB5 /* Tests */ = {
			isa = PBXNativeTarget;
			buildConfigurationList = 63A052F21AB9E19100483CB5 /* Build configuration list for PBXNativeTarget "Tests" */;
			buildPhases = (
				63A052E71AB9E19100483CB5 /* Sources */,
				63A052E81AB9E19100483CB5 /* Frameworks */,
				63A052E91AB9E19100483CB5 /* Resources */,
			);
			buildRules = (
			);
			dependencies = (
			);
			name = Tests;
			productName = Tests;
			productReference = 63A052EB1AB9E19100483CB5 /* NSString+IndefiniteArticleTests.xctest */;
			productType = "com.apple.product-type.bundle.unit-test";
		};
/* End PBXNativeTarget section */

/* Begin PBXProject section */
		63A052DF1AB9E12100483CB5 /* Project object */ = {
			isa = PBXProject;
			attributes = {
				LastUpgradeCheck = 0620;
				TargetAttributes = {
					63A052EA1AB9E19100483CB5 = {
						CreatedOnToolsVersion = 6.2;
					};
				};
			};
			buildConfigurationList = 63A052E21AB9E12100483CB5 /* Build configuration list for PBXProject "NSString+IndefiniteArticle" */;
			compatibilityVersion = "Xcode 3.2";
			developmentRegion = English;
			hasScannedForEncodings = 0;
			knownRegions = (
				en,
			);
			mainGroup = 63A052DE1AB9E12100483CB5;
			productRefGroup = 63A052EC1AB9E19100483CB5 /* Products */;
			projectDirPath = "";
			projectRoot = "";
			targets = (
				63A052EA1AB9E19100483CB5 /* Tests */,
			);
		};
/* End PBXProject section */

/* Begin PBXResourcesBuildPhase section */
		63A052E91AB9E19100483CB5 /* Resources */ = {
			isa = PBXResourcesBuildPhase;
			buildActionMask = 2147483647;
			files = (
			);
			runOnlyForDeploymentPostprocessing = 0;
		};
/* End PBXResourcesBuildPhase section */

/* Begin PBXSourcesBuildPhase section */
		63A052E71AB9E19100483CB5 /* Sources */ = {
			isa = PBXSourcesBuildPhase;
			buildActionMask = 2147483647;
			files = (
				63A052F11AB9E19100483CB5 /* NSString_IndefiniteArticleTests.m in Sources */,
				63A052F91ABA09CD00483CB5 /* NSString+IndefiniteArticle.m in Sources */,
			);
			runOnlyForDeploymentPostprocessing = 0;
		};
/* End PBXSourcesBuildPhase section */

/* Begin XCBuildConfiguration section */
		63A052E31AB9E12100483CB5 /* Debug */ = {
			isa = XCBuildConfiguration;
			buildSettings = {
				SDKROOT = iphoneos;
			};
			name = Debug;
		};
		63A052E41AB9E12100483CB5 /* Release */ = {
			isa = XCBuildConfiguration;
			buildSettings = {
				SDKROOT = iphoneos;
			};
			name = Release;
		};
		63A052F31AB9E19100483CB5 /* Debug */ = {
			isa = XCBuildConfiguration;
			buildSettings = {
				ALWAYS_SEARCH_USER_PATHS = NO;
				CLANG_CXX_LANGUAGE_STANDARD = "gnu++0x";
				CLANG_CXX_LIBRARY = "libc++";
				CLANG_ENABLE_MODULES = YES;
				CLANG_ENABLE_OBJC_ARC = YES;
				CLANG_WARN_BOOL_CONVERSION = YES;
				CLANG_WARN_CONSTANT_CONVERSION = YES;
				CLANG_WARN_DIRECT_OBJC_ISA_USAGE = YES_ERROR;
				CLANG_WARN_EMPTY_BODY = YES;
				CLANG_WARN_ENUM_CONVERSION = YES;
				CLANG_WARN_INT_CONVERSION = YES;
				CLANG_WARN_OBJC_ROOT_CLASS = YES_ERROR;
				CLANG_WARN_UNREACHABLE_CODE = YES;
				CLANG_WARN__DUPLICATE_METHOD_MATCH = YES;
				COPY_PHASE_STRIP = NO;
				ENABLE_STRICT_OBJC_MSGSEND = YES;
				FRAMEWORK_SEARCH_PATHS = (
					"$(SDKROOT)/Developer/Library/Frameworks",
					"$(inherited)",
				);
				GCC_C_LANGUAGE_STANDARD = gnu99;
				GCC_DYNAMIC_NO_PIC = NO;
				GCC_OPTIMIZATION_LEVEL = 0;
				GCC_PREPROCESSOR_DEFINITIONS = (
					"DEBUG=1",
					"$(inherited)",
				);
				GCC_SYMBOLS_PRIVATE_EXTERN = NO;
				GCC_WARN_64_TO_32_BIT_CONVERSION = YES;
				GCC_WARN_ABOUT_RETURN_TYPE = YES_ERROR;
				GCC_WARN_UNDECLARED_SELECTOR = YES;
				GCC_WARN_UNINITIALIZED_AUTOS = YES_AGGRESSIVE;
				GCC_WARN_UNUSED_FUNCTION = YES;
				GCC_WARN_UNUSED_VARIABLE = YES;
				INFOPLIST_FILE = Tests/Info.plist;
				IPHONEOS_DEPLOYMENT_TARGET = 8.2;
				LD_RUNPATH_SEARCH_PATHS = "$(inherited) @executable_path/Frameworks @loader_path/Frameworks";
				MTL_ENABLE_DEBUG_INFO = YES;
				ONLY_ACTIVE_ARCH = YES;
				PRODUCT_NAME = "$(TARGET_NAME)";
				SDKROOT = iphoneos;
			};
			name = Debug;
		};
		63A052F41AB9E19100483CB5 /* Release */ = {
			isa = XCBuildConfiguration;
			buildSettings = {
				ALWAYS_SEARCH_USER_PATHS = NO;
				CLANG_CXX_LANGUAGE_STANDARD = "gnu++0x";
				CLANG_CXX_LIBRARY = "libc++";
				CLANG_ENABLE_MODULES = YES;
				CLANG_ENABLE_OBJC_ARC = YES;
				CLANG_WARN_BOOL_CONVERSION = YES;
				CLANG_WARN_CONSTANT_CONVERSION = YES;
				CLANG_WARN_DIRECT_OBJC_ISA_USAGE = YES_ERROR;
				CLANG_WARN_EMPTY_BODY = YES;
				CLANG_WARN_ENUM_CONVERSION = YES;
				CLANG_WARN_INT_CONVERSION = YES;
				CLANG_WARN_OBJC_ROOT_CLASS = YES_ERROR;
				CLANG_WARN_UNREACHABLE_CODE = YES;
				CLANG_WARN__DUPLICATE_METHOD_MATCH = YES;
				COPY_PHASE_STRIP = NO;
				ENABLE_NS_ASSERTIONS = NO;
				ENABLE_STRICT_OBJC_MSGSEND = YES;
				FRAMEWORK_SEARCH_PATHS = (
					"$(SDKROOT)/Developer/Library/Frameworks",
					"$(inherited)",
				);
				GCC_C_LANGUAGE_STANDARD = gnu99;
				GCC_WARN_64_TO_32_BIT_CONVERSION = YES;
				GCC_WARN_ABOUT_RETURN_TYPE = YES_ERROR;
				GCC_WARN_UNDECLARED_SELECTOR = YES;
				GCC_WARN_UNINITIALIZED_AUTOS = YES_AGGRESSIVE;
				GCC_WARN_UNUSED_FUNCTION = YES;
				GCC_WARN_UNUSED_VARIABLE = YES;
				INFOPLIST_FILE = Tests/Info.plist;
				IPHONEOS_DEPLOYMENT_TARGET = 8.2;
				LD_RUNPATH_SEARCH_PATHS = "$(inherited) @executable_path/Frameworks @loader_path/Frameworks";
				MTL_ENABLE_DEBUG_INFO = NO;
				PRODUCT_NAME = "$(TARGET_NAME)";
				SDKROOT = iphoneos;
				VALIDATE_PRODUCT = YES;
			};
			name = Release;
		};
/* End XCBuildConfiguration section */

/* Begin XCConfigurationList section */
		63A052E21AB9E12100483CB5 /* Build configuration list for PBXProject "NSString+IndefiniteArticle" */ = {
			isa = XCConfigurationList;
			buildConfigurations = (
				63A052E31AB9E12100483CB5 /* Debug */,
				63A052E41AB9E12100483CB5 /* Release */,
			);
			defaultConfigurationIsVisible = 0;
			defaultConfigurationName = Release;
		};
		63A052F21AB9E19100483CB5 /* Build configuration list for PBXNativeTarget "Tests" */ = {
			isa = XCConfigurationList;
			buildConfigurations = (
				63A052F31AB9E19100483CB5 /* Debug */,
				63A052F41AB9E19100483CB5 /* Release */,
			);
			defaultConfigurationIsVisible = 0;
			defaultConfigurationName = Release;
		};
/* End XCConfigurationList section */
	};
	rootObject = 63A052DF1AB9E12100483CB5 /* Project object */;
}
